<?xml version="1.0" encoding="UTF-8" standalone="yes" ?>
<CodeBlocks_project_file>
	<FileVersion major="1" minor="6" />
	<Project>
		<Option title="LabAssignment" />
		<Option pch_mode="2" />
		<Option compiler="gcc" />
		<Build>
			<Target title="Debug">
				<Option output="bin/Debug/LabAssignment" prefix_auto="1" extension_auto="1" />
				<Option object_output="obj/Debug/" />
				<Option type="1" />
				<Option compiler="gcc" />
				<Compiler>
					<Add option="-g" />
				</Compiler>
			</Target>
			<Target title="Release">
				<Option output="bin/Release/LabAssignment" prefix_auto="1" extension_auto="1" />
				<Option object_output="obj/Release/" />
				<Option type="1" />
				<Option compiler="gcc" />
				<Compiler>
					<Add option="-O2" />
				</Compiler>
				<Linker>
					<Add option="-s" />
				</Linker>
			</Target>
		</Build>
		<Compiler>
			<Add option="-Wall" />
			<Add option="-fexceptions" />
		</Compiler>
		<Unit filename="BSTx.h">
			<Option target="&lt;{~None~}&gt;" />
		</Unit>
		<Unit filename="Date.cpp" />
		<Unit filename="Date.h">
			<Option target="&lt;{~None~}&gt;" />
		</Unit>
		<Unit filename="FilteredDatabase.cpp" />
		<Unit filename="FilteredDatabase.h">
			<Option target="&lt;{~None~}&gt;" />
		</Unit>
		<Unit filename="Main.cpp" />
		<Unit filename="Operations.cpp" />
		<Unit filename="Operations.h">
			<Option target="&lt;{~None~}&gt;" />
		</Unit>
		<Unit filename="SensorRecords.cpp" />
		<Unit filename="SensorRecords.h">
			<Option target="&lt;{~None~}&gt;" />
		</Unit>
		<Unit filename="SolarRadiation.cpp" />
		<Unit filename="SolarRadiation.h">
			<Option target="&lt;{~None~}&gt;" />
		</Unit>
		<Unit filename="Temperature.cpp" />
		<Unit filename="Temperature.h">
			<Option target="&lt;{~None~}&gt;" />
		</Unit>
		<Unit filename="TestBST.cpp">
			<Option compile="0" />
			<Option link="0" />
		</Unit>
		<Unit filename="TestDate.cpp">
			<Option compile="0" />
			<Option link="0" />
		</Unit>
		<Unit filename="TestDateTree.cpp">
			<Option compile="0" />
			<Option link="0" />
		</Unit>
		<Unit filename="TestDateTreeTxt.cpp">
			<Option compile="0" />
			<Option link="0" />
		</Unit>
		<Unit filename="TestFilteredDatabase.cpp">
			<Option compile="0" />
			<Option link="0" />
		</Unit>
		<Unit filename="TestIntBst.cpp">
			<Option compile="0" />
			<Option link="0" />
		</Unit>
		<Unit filename="TestMain.cpp">
			<Option compile="0" />
			<Option link="0" />
		</Unit>
		<Unit filename="TestMap.cpp">
			<Option compile="0" />
			<Option link="0" />
		</Unit>
		<Unit filename="TestOperations.cpp">
			<Option compile="0" />
			<Option link="0" />
		</Unit>
		<Unit filename="TestSensorRecords.cpp">
			<Option compile="0" />
			<Option link="0" />
		</Unit>
		<Unit filename="TestSolarRadiation.cpp">
			<Option compile="0" />
			<Option link="0" />
		</Unit>
		<Unit filename="TestTemperature.cpp">
			<Option compile="0" />
			<Option link="0" />
		</Unit>
		<Unit filename="TestTime.cpp">
			<Option compile="0" />
			<Option link="0" />
		</Unit>
		<Unit filename="TestVector.cpp">
			<Option compile="0" />
			<Option link="0" />
		</Unit>
		<Unit filename="TestWindSpeed.cpp">
			<Option compile="0" />
			<Option link="0" />
		</Unit>
		<Unit filename="Time.cpp" />
		<Unit filename="Time.h">
			<Option target="&lt;{~None~}&gt;" />
		</Unit>
		<Unit filename="Vector.h">
			<Option target="&lt;{~None~}&gt;" />
		</Unit>
		<Unit filename="WindSpeed.cpp" />
		<Unit filename="WindSpeed.h">
			<Option target="&lt;{~None~}&gt;" />
		</Unit>
		<Extensions>
			<code_completion />
			<envvars />
			<debugger />
			<lib_finder disable_auto="1" />
		</Extensions>
	</Project>
</CodeBlocks_project_file>
